
Microsoft Visual Studio Solution File, Format Version 12.00
# Visual Studio Version 17
VisualStudioVersion = 17.4.33122.133
MinimumVisualStudioVersion = 10.0.40219.1
Project("{FAE04EC0-301F-11D3-BF4B-00C04F79EFBC}") = "WeatherBotV1", "WeatherBotV1.csproj", "{9B9A1D07-6BA8-40FF-8945-2DB2FCA58944}"
EndProject
Project("{FAE04EC0-301F-11D3-BF4B-00C04F79EFBC}") = "Data", "..\Data\Data.csproj", "{C96B6409-B118-4A1C-99EB-298A05287635}"
EndProject
Project("{FAE04EC0-301F-11D3-BF4B-00C04F79EFBC}") = "Core", "..\Core\Core.csproj", "{AEE8E8DD-2176-4910-9036-BC894A0FDF77}"
EndProject
Global
	GlobalSection(SolutionConfigurationPlatforms) = preSolution
		Debug|Any CPU = Debug|Any CPU
		Release|Any CPU = Release|Any CPU
	EndGlobalSection
	GlobalSection(ProjectConfigurationPlatforms) = postSolution
		{9B9A1D07-6BA8-40FF-8945-2DB2FCA58944}.Debug|Any CPU.ActiveCfg = Debug|Any CPU
		{9B9A1D07-6BA8-40FF-8945-2DB2FCA58944}.Debug|Any CPU.Build.0 = Debug|Any CPU
		{9B9A1D07-6BA8-40FF-8945-2DB2FCA58944}.Release|Any CPU.ActiveCfg = Release|Any CPU
		{9B9A1D07-6BA8-40FF-8945-2DB2FCA58944}.Release|Any CPU.Build.0 = Release|Any CPU
		{C96B6409-B118-4A1C-99EB-298A05287635}.Debug|Any CPU.ActiveCfg = Debug|Any CPU
		{C96B6409-B118-4A1C-99EB-298A05287635}.Debug|Any CPU.Build.0 = Debug|Any CPU
		{C96B6409-B118-4A1C-99EB-298A05287635}.Release|Any CPU.ActiveCfg = Release|Any CPU
		{C96B6409-B118-4A1C-99EB-298A05287635}.Release|Any CPU.Build.0 = Release|Any CPU
		{AEE8E8DD-2176-4910-9036-BC894A0FDF77}.Debug|Any CPU.ActiveCfg = Debug|Any CPU
		{AEE8E8DD-2176-4910-9036-BC894A0FDF77}.Debug|Any CPU.Build.0 = Debug|Any CPU
		{AEE8E8DD-2176-4910-9036-BC894A0FDF77}.Release|Any CPU.ActiveCfg = Release|Any CPU
		{AEE8E8DD-2176-4910-9036-BC894A0FDF77}.Release|Any CPU.Build.0 = Release|Any CPU
	EndGlobalSection
	GlobalSection(SolutionProperties) = preSolution
		HideSolutionNode = FALSE
	EndGlobalSection
	GlobalSection(ExtensibilityGlobals) = postSolution
		SolutionGuid = {B6941468-CF50-4DE2-8D54-EF58E5562601}
	EndGlobalSection
EndGlobal
